
Microsoft Visual Studio Solution File, Format Version 12.00
# Visual Studio 15
Project("{FAE04EC0-301F-11D3-BF4B-00C04F79EFBC}") = "UnityEngine.UI", "UnityEngine.UI.csproj", "{9E44D4EC-5EBF-D4BA-C964-23431DD3DD2D}"
EndProject
Project("{FAE04EC0-301F-11D3-BF4B-00C04F79EFBC}") = "Unity.RenderPipelines.Core.Runtime", "Unity.RenderPipelines.Core.Runtime.csproj", "{402153F1-CD3F-624D-32DC-69FC382A786F}"
EndProject
Project("{FAE04EC0-301F-11D3-BF4B-00C04F79EFBC}") = "UnityEngine.TestRunner", "UnityEngine.TestRunner.csproj", "{AFD2DC0C-7F38-CE4D-0D6A-E8D3688043E2}"
EndProject
Project("{FAE04EC0-301F-11D3-BF4B-00C04F79EFBC}") = "Unity.VisualScripting.Flow", "Unity.VisualScripting.Flow.csproj", "{032B954B-368E-DDF6-6EC8-3E45BE8793ED}"
EndProject
Project("{FAE04EC0-301F-11D3-BF4B-00C04F79EFBC}") = "Unity.Mathematics", "Unity.Mathematics.csproj", "{B30AE5CB-44DE-EFEC-A134-4934B0653781}"
EndProject
Project("{FAE04EC0-301F-11D3-BF4B-00C04F79EFBC}") = "Unity.Services.Core.Telemetry", "Unity.Services.Core.Telemetry.csproj", "{EEC20257-B661-BBE0-9094-DD8B9B1F6B19}"
EndProject
Project("{FAE04EC0-301F-11D3-BF4B-00C04F79EFBC}") = "Unity.VisualScripting.State", "Unity.VisualScripting.State.csproj", "{CD649E13-F2FD-02D0-36C6-1D6A2DC8A61F}"
EndProject
Project("{FAE04EC0-301F-11D3-BF4B-00C04F79EFBC}") = "Unity.VisualScripting.Core", "Unity.VisualScripting.Core.csproj", "{A03CFA4B-72F4-1CAB-6C41-4828325F3D77}"
EndProject
Project("{FAE04EC0-301F-11D3-BF4B-00C04F79EFBC}") = "Unity.RenderPipelines.Universal.Runtime", "Unity.RenderPipelines.Universal.Runtime.csproj", "{54F0AF36-1360-2ABE-3D18-1E0CB24C082F}"
EndProject
Project("{FAE04EC0-301F-11D3-BF4B-00C04F79EFBC}") = "Unity.Services.Core.Environments.Internal", "Unity.Services.Core.Environments.Internal.csproj", "{F96A34F4-201E-3126-CEE6-30DC66A5FB09}"
EndProject
Project("{FAE04EC0-301F-11D3-BF4B-00C04F79EFBC}") = "Unity.Burst", "Unity.Burst.csproj", "{CB1547A9-882B-4B3D-D7E0-3DD082C94C21}"
EndProject
Project("{FAE04EC0-301F-11D3-BF4B-00C04F79EFBC}") = "Unity.2D.Animation.Runtime", "Unity.2D.Animation.Runtime.csproj", "{47BF2C76-F9AD-1898-611A-4E59A30105CB}"
EndProject
Project("{FAE04EC0-301F-11D3-BF4B-00C04F79EFBC}") = "Unity.TextMeshPro", "Unity.TextMeshPro.csproj", "{B3CB9E11-0A42-89B4-9877-BB31CD98C1B1}"
EndProject
Project("{FAE04EC0-301F-11D3-BF4B-00C04F79EFBC}") = "Unity.Timeline", "Unity.Timeline.csproj", "{F01A3647-6666-ACCE-E8B4-AD00E2A40CB7}"
EndProject
Project("{FAE04EC0-301F-11D3-BF4B-00C04F79EFBC}") = "Assembly-CSharp", "Assembly-CSharp.csproj", "{04BB4BC3-8E23-A75F-B90A-9BB7296950EE}"
EndProject
Project("{FAE04EC0-301F-11D3-BF4B-00C04F79EFBC}") = "Unity.Services.Core", "Unity.Services.Core.csproj", "{0393E356-689E-CDC6-E808-837DB1E4DF97}"
EndProject
Project("{FAE04EC0-301F-11D3-BF4B-00C04F79EFBC}") = "Unity.RenderPipeline.Universal.ShaderLibrary", "Unity.RenderPipeline.Universal.ShaderLibrary.csproj", "{703F4DD8-B3E5-69BB-5E4E-6EE2956256B5}"
EndProject
Project("{FAE04EC0-301F-11D3-BF4B-00C04F79EFBC}") = "Unity.Services.Core.Environments", "Unity.Services.Core.Environments.csproj", "{48224FD3-3AB1-AE19-FDD5-1C2C2408C017}"
EndProject
Project("{FAE04EC0-301F-11D3-BF4B-00C04F79EFBC}") = "Unity.Services.Core.Internal", "Unity.Services.Core.Internal.csproj", "{AD65FC27-D44E-3C14-1022-F536C08B46BB}"
EndProject
Project("{FAE04EC0-301F-11D3-BF4B-00C04F79EFBC}") = "Unity.Services.Core.Analytics", "Unity.Services.Core.Analytics.csproj", "{4BDDC23F-DDD4-6B55-C258-CA7F810C3F20}"
EndProject
Project("{FAE04EC0-301F-11D3-BF4B-00C04F79EFBC}") = "Unity.2D.SpriteShape.Runtime", "Unity.2D.SpriteShape.Runtime.csproj", "{5EF0CC5F-853A-5E6B-6614-D9A6CC3F5993}"
EndProject
Project("{FAE04EC0-301F-11D3-BF4B-00C04F79EFBC}") = "Unity.Services.Core.Scheduler", "Unity.Services.Core.Scheduler.csproj", "{523C3D87-D477-6F18-07B9-632FC2D4EF16}"
EndProject
Project("{FAE04EC0-301F-11D3-BF4B-00C04F79EFBC}") = "Unity.Services.Core.Registration", "Unity.Services.Core.Registration.csproj", "{05089243-945A-A465-28CC-5E1B8DF8CFB0}"
EndProject
Project("{FAE04EC0-301F-11D3-BF4B-00C04F79EFBC}") = "Unity.2D.PixelPerfect", "Unity.2D.PixelPerfect.csproj", "{310C1FCC-D634-EAA8-F150-521810E85585}"
EndProject
Project("{FAE04EC0-301F-11D3-BF4B-00C04F79EFBC}") = "Unity.InternalAPIEngineBridge.001", "Unity.InternalAPIEngineBridge.001.csproj", "{D3F4DEEC-02FC-CDAD-9440-298D2BF1FB84}"
EndProject
Project("{FAE04EC0-301F-11D3-BF4B-00C04F79EFBC}") = "Unity.2D.Common.Runtime", "Unity.2D.Common.Runtime.csproj", "{CA28FD9F-2636-AEBF-B908-520DDC6E8165}"
EndProject
Project("{FAE04EC0-301F-11D3-BF4B-00C04F79EFBC}") = "Unity.2D.IK.Runtime", "Unity.2D.IK.Runtime.csproj", "{58B3BD91-A29F-CC5C-C45E-C01137759EC8}"
EndProject
Project("{FAE04EC0-301F-11D3-BF4B-00C04F79EFBC}") = "Unity.Services.Core.Device", "Unity.Services.Core.Device.csproj", "{97CC24B6-5CD7-BCAD-A7C5-58294B6835E1}"
EndProject
Project("{FAE04EC0-301F-11D3-BF4B-00C04F79EFBC}") = "Unity.Services.Core.Threading", "Unity.Services.Core.Threading.csproj", "{EFE0F734-F1A8-1307-1F29-E6434F5750EB}"
EndProject
Project("{FAE04EC0-301F-11D3-BF4B-00C04F79EFBC}") = "Unity.2D.Tilemap.Extras", "Unity.2D.Tilemap.Extras.csproj", "{0097498E-1996-1B0B-CBBD-F24ACDB19458}"
EndProject
Project("{FAE04EC0-301F-11D3-BF4B-00C04F79EFBC}") = "Unity.Services.Core.Networking", "Unity.Services.Core.Networking.csproj", "{A61007CB-FD40-A964-63CA-08CF2D69B100}"
EndProject
Project("{FAE04EC0-301F-11D3-BF4B-00C04F79EFBC}") = "Unity.RenderPipelines.Core.ShaderLibrary", "Unity.RenderPipelines.Core.ShaderLibrary.csproj", "{687C8A0C-0ACA-06BC-C1C7-CBF058EE83C1}"
EndProject
Project("{FAE04EC0-301F-11D3-BF4B-00C04F79EFBC}") = "Unity.Services.Core.Configuration", "Unity.Services.Core.Configuration.csproj", "{CDA41000-657D-A67C-502B-2146D4A38EA4}"
EndProject
Project("{FAE04EC0-301F-11D3-BF4B-00C04F79EFBC}") = "Unity.RenderPipelines.Universal.Shaders", "Unity.RenderPipelines.Universal.Shaders.csproj", "{4263833B-846B-E27C-3AAD-F64FA0AED14A}"
EndProject
Project("{FAE04EC0-301F-11D3-BF4B-00C04F79EFBC}") = "Unity.RenderPipelines.ShaderGraph.ShaderGraphLibrary", "Unity.RenderPipelines.ShaderGraph.ShaderGraphLibrary.csproj", "{03C130FA-9A79-564B-934B-B4E3E6E854C6}"
EndProject
Project("{FAE04EC0-301F-11D3-BF4B-00C04F79EFBC}") = "Unity.PlasticSCM.Editor", "Unity.PlasticSCM.Editor.csproj", "{924794BD-7BDE-437F-4954-26456F977DE7}"
EndProject
Project("{FAE04EC0-301F-11D3-BF4B-00C04F79EFBC}") = "Unity.VisualScripting.Core.Editor", "Unity.VisualScripting.Core.Editor.csproj", "{D852A7CE-0BA7-9595-240F-0283C4965681}"
EndProject
Project("{FAE04EC0-301F-11D3-BF4B-00C04F79EFBC}") = "Unity.VisualScripting.Flow.Editor", "Unity.VisualScripting.Flow.Editor.csproj", "{24B2453D-4AD5-46CB-BAAE-B3AE902DFC17}"
EndProject
Project("{FAE04EC0-301F-11D3-BF4B-00C04F79EFBC}") = "Unity.ShaderGraph.Editor", "Unity.ShaderGraph.Editor.csproj", "{433468BF-4307-12AF-59DC-9C6A29AB8B32}"
EndProject
Project("{FAE04EC0-301F-11D3-BF4B-00C04F79EFBC}") = "Unity.VisualStudio.Editor", "Unity.VisualStudio.Editor.csproj", "{38E139B1-EA0B-B4AF-33CF-2678A2EC6611}"
EndProject
Project("{FAE04EC0-301F-11D3-BF4B-00C04F79EFBC}") = "Unity.Timeline.Editor", "Unity.Timeline.Editor.csproj", "{69AB68AC-FBB9-F1A3-A658-7F58916FED9C}"
EndProject
Project("{FAE04EC0-301F-11D3-BF4B-00C04F79EFBC}") = "Unity.RenderPipelines.Universal.Editor", "Unity.RenderPipelines.Universal.Editor.csproj", "{F4DFE13E-FA7D-21E5-3420-6AEB34D77B1F}"
EndProject
Project("{FAE04EC0-301F-11D3-BF4B-00C04F79EFBC}") = "Unity.VisualScripting.State.Editor", "Unity.VisualScripting.State.Editor.csproj", "{FEFA9CC1-5CD7-FE73-6F52-643C539E0E79}"
EndProject
Project("{FAE04EC0-301F-11D3-BF4B-00C04F79EFBC}") = "Unity.TextMeshPro.Editor", "Unity.TextMeshPro.Editor.csproj", "{4FF63B5A-8525-A063-3BE9-9A734E51DE6E}"
EndProject
Project("{FAE04EC0-301F-11D3-BF4B-00C04F79EFBC}") = "Unity.RenderPipelines.Core.Editor", "Unity.RenderPipelines.Core.Editor.csproj", "{8782D427-8092-7CC5-FCE3-DEEB30BEDADE}"
EndProject
Project("{FAE04EC0-301F-11D3-BF4B-00C04F79EFBC}") = "Unity.2D.Animation.Editor", "Unity.2D.Animation.Editor.csproj", "{211B75B9-E34D-CBBA-94F6-B8D12E1CB620}"
EndProject
Project("{FAE04EC0-301F-11D3-BF4B-00C04F79EFBC}") = "Unity.VisualScripting.SettingsProvider.Editor", "Unity.VisualScripting.SettingsProvider.Editor.csproj", "{57F69ECC-A937-0EE6-E543-5421E2D76E8B}"
EndProject
Project("{FAE04EC0-301F-11D3-BF4B-00C04F79EFBC}") = "Unity.CollabProxy.Editor", "Unity.CollabProxy.Editor.csproj", "{53EBA534-4B47-23B0-A984-1E4C4A4201F9}"
EndProject
Project("{FAE04EC0-301F-11D3-BF4B-00C04F79EFBC}") = "UnityEditor.TestRunner", "UnityEditor.TestRunner.csproj", "{F793762A-1192-6234-8F56-9F17BAF59FAF}"
EndProject
Project("{FAE04EC0-301F-11D3-BF4B-00C04F79EFBC}") = "Unity.Services.Core.Editor", "Unity.Services.Core.Editor.csproj", "{E09222CA-772F-5339-585F-CB2607A6DBCF}"
EndProject
Project("{FAE04EC0-301F-11D3-BF4B-00C04F79EFBC}") = "Unity.2D.Tilemap.Editor", "Unity.2D.Tilemap.Editor.csproj", "{C66FCF04-01ED-7809-81A0-F2CA101AB97D}"
EndProject
Project("{FAE04EC0-301F-11D3-BF4B-00C04F79EFBC}") = "Unity.Rider.Editor", "Unity.Rider.Editor.csproj", "{B5577641-CAD8-DA32-03BF-167A87B28730}"
EndProject
Project("{FAE04EC0-301F-11D3-BF4B-00C04F79EFBC}") = "PsdPlugin", "PsdPlugin.csproj", "{29960F84-8CC9-49EA-3C2B-8C0EF5860FD2}"
EndProject
Project("{FAE04EC0-301F-11D3-BF4B-00C04F79EFBC}") = "Unity.Searcher.Editor", "Unity.Searcher.Editor.csproj", "{129B9665-5B50-508C-3EDF-498CC13BE3A5}"
EndProject
Project("{FAE04EC0-301F-11D3-BF4B-00C04F79EFBC}") = "Unity.2D.IK.Editor", "Unity.2D.IK.Editor.csproj", "{9EF301DC-2E85-6916-0D22-0E2BA634C568}"
EndProject
Project("{FAE04EC0-301F-11D3-BF4B-00C04F79EFBC}") = "Unity.2D.Common.Path.Editor", "Unity.2D.Common.Path.Editor.csproj", "{5832C868-42A1-02D7-B297-779E0FDC446D}"
EndProject
Project("{FAE04EC0-301F-11D3-BF4B-00C04F79EFBC}") = "Unity.2D.SpriteShape.Editor", "Unity.2D.SpriteShape.Editor.csproj", "{B722BBB1-8220-C306-E664-03D22B277342}"
EndProject
Project("{FAE04EC0-301F-11D3-BF4B-00C04F79EFBC}") = "Unity.2D.Psdimporter.Editor", "Unity.2D.Psdimporter.Editor.csproj", "{C9BCB3A7-80AC-E478-FC3B-3A303C882BF6}"
EndProject
Project("{FAE04EC0-301F-11D3-BF4B-00C04F79EFBC}") = "Unity.Burst.CodeGen", "Unity.Burst.CodeGen.csproj", "{87E04EC9-064F-0E57-E8BB-90C1C43920BD}"
EndProject
Project("{FAE04EC0-301F-11D3-BF4B-00C04F79EFBC}") = "Unity.2D.PixelPerfect.Editor", "Unity.2D.PixelPerfect.Editor.csproj", "{BC98BC9D-0579-B379-9EAB-6F74A9347C3F}"
EndProject
Project("{FAE04EC0-301F-11D3-BF4B-00C04F79EFBC}") = "Unity.VSCode.Editor", "Unity.VSCode.Editor.csproj", "{35C8F8D9-7247-348E-1A3C-D8B94EB93C64}"
EndProject
Project("{FAE04EC0-301F-11D3-BF4B-00C04F79EFBC}") = "Unity.2D.Sprite.Editor", "Unity.2D.Sprite.Editor.csproj", "{12960A9D-1035-2835-9E03-5CBFABEDF667}"
EndProject
Project("{FAE04EC0-301F-11D3-BF4B-00C04F79EFBC}") = "UnityEditor.UI", "UnityEditor.UI.csproj", "{1A24FBE7-1C57-9E93-83B0-D85518BE85B2}"
EndProject
Project("{FAE04EC0-301F-11D3-BF4B-00C04F79EFBC}") = "PPv2URPConverters", "PPv2URPConverters.csproj", "{7AF0EE7D-B437-CCE4-B78D-596D99A855CB}"
EndProject
Project("{FAE04EC0-301F-11D3-BF4B-00C04F79EFBC}") = "Unity.2D.Common.Editor", "Unity.2D.Common.Editor.csproj", "{FEE5BF9F-04B2-833D-C467-60EE14779FB8}"
EndProject
Project("{FAE04EC0-301F-11D3-BF4B-00C04F79EFBC}") = "Unity.Mathematics.Editor", "Unity.Mathematics.Editor.csproj", "{61B918B7-E824-55B5-A2A6-944CC5F8B6FB}"
EndProject
Project("{FAE04EC0-301F-11D3-BF4B-00C04F79EFBC}") = "Unity.Services.Core.Configuration.Editor", "Unity.Services.Core.Configuration.Editor.csproj", "{7249CD8E-8269-027C-2221-D7B186B01736}"
EndProject
Project("{FAE04EC0-301F-11D3-BF4B-00C04F79EFBC}") = "Unity.2D.Tilemap.Extras.Editor", "Unity.2D.Tilemap.Extras.Editor.csproj", "{C25B937C-2E84-01BA-F614-BF5565E182EA}"
EndProject
Project("{FAE04EC0-301F-11D3-BF4B-00C04F79EFBC}") = "Unity.Burst.Editor", "Unity.Burst.Editor.csproj", "{0377A8F1-4FB4-82D0-E19A-76767D042A5A}"
EndProject
Project("{FAE04EC0-301F-11D3-BF4B-00C04F79EFBC}") = "Unity.InternalAPIEditorBridge.001", "Unity.InternalAPIEditorBridge.001.csproj", "{DD3D134E-047C-BD68-F4C5-947591AAAD5C}"
EndProject
Project("{FAE04EC0-301F-11D3-BF4B-00C04F79EFBC}") = "Unity.ShaderGraph.Utilities", "Unity.ShaderGraph.Utilities.csproj", "{FBE6904F-BD1D-7B43-F19B-60771D3FFC82}"
EndProject
Project("{FAE04EC0-301F-11D3-BF4B-00C04F79EFBC}") = "Unity.VisualScripting.Shared.Editor", "Unity.VisualScripting.Shared.Editor.csproj", "{4FE8785D-4C78-64CA-2DE1-B4CCC62E57A9}"
EndProject
Project("{FAE04EC0-301F-11D3-BF4B-00C04F79EFBC}") = "UnityEngine.UI", "UnityEngine.UI.Player.csproj", "{F3BD8EC1-8654-0CAF-011B-FBD5BFB313E2}"
EndProject
Project("{FAE04EC0-301F-11D3-BF4B-00C04F79EFBC}") = "Unity.RenderPipelines.Core.Runtime", "Unity.RenderPipelines.Core.Runtime.Player.csproj", "{9C02A5C9-6478-8046-0EF4-8270FC6C241E}"
EndProject
Project("{FAE04EC0-301F-11D3-BF4B-00C04F79EFBC}") = "UnityEngine.TestRunner", "UnityEngine.TestRunner.Player.csproj", "{77EA1F7D-9B44-9C7A-C216-BF1BDB657DB0}"
EndProject
Project("{FAE04EC0-301F-11D3-BF4B-00C04F79EFBC}") = "Unity.VisualScripting.Flow", "Unity.VisualScripting.Flow.Player.csproj", "{EE1B1FDA-953B-F408-D1E7-2D562B1F68E8}"
EndProject
Project("{FAE04EC0-301F-11D3-BF4B-00C04F79EFBC}") = "Unity.Mathematics", "Unity.Mathematics.Player.csproj", "{E78942CC-17B4-F972-EC71-9993C921DC0C}"
EndProject
Project("{FAE04EC0-301F-11D3-BF4B-00C04F79EFBC}") = "Unity.Services.Core.Telemetry", "Unity.Services.Core.Telemetry.Player.csproj", "{95D9C18F-BC4A-E254-E6B8-080DCEDA9A02}"
EndProject
Project("{FAE04EC0-301F-11D3-BF4B-00C04F79EFBC}") = "Unity.VisualScripting.State", "Unity.VisualScripting.State.Player.csproj", "{5BA80C26-6B9C-D457-70E6-FAF30451ADC1}"
EndProject
Project("{FAE04EC0-301F-11D3-BF4B-00C04F79EFBC}") = "Unity.VisualScripting.Core", "Unity.VisualScripting.Core.Player.csproj", "{7CF94596-6BD0-B71E-798C-6596D40D98E7}"
EndProject
Project("{FAE04EC0-301F-11D3-BF4B-00C04F79EFBC}") = "Unity.RenderPipelines.Universal.Runtime", "Unity.RenderPipelines.Universal.Runtime.Player.csproj", "{385B0342-006B-AA15-69D7-AE79BDB6DAAB}"
EndProject
Project("{FAE04EC0-301F-11D3-BF4B-00C04F79EFBC}") = "Unity.Services.Core.Environments.Internal", "Unity.Services.Core.Environments.Internal.Player.csproj", "{41A950E5-3FEF-CB2F-EA56-C1C69A9582C6}"
EndProject
Project("{FAE04EC0-301F-11D3-BF4B-00C04F79EFBC}") = "Unity.Burst", "Unity.Burst.Player.csproj", "{BE7DD50B-4AC1-9C6B-3C32-E907E429EA97}"
EndProject
Project("{FAE04EC0-301F-11D3-BF4B-00C04F79EFBC}") = "Unity.2D.Animation.Runtime", "Unity.2D.Animation.Runtime.Player.csproj", "{3640C5B9-2AF0-808F-2C94-178A7847347B}"
EndProject
Project("{FAE04EC0-301F-11D3-BF4B-00C04F79EFBC}") = "Unity.TextMeshPro", "Unity.TextMeshPro.Player.csproj", "{E5692147-6A73-3C51-06CC-052B594ED2CF}"
EndProject
Project("{FAE04EC0-301F-11D3-BF4B-00C04F79EFBC}") = "Unity.Timeline", "Unity.Timeline.Player.csproj", "{71391FEF-B5B4-C2AA-EA04-0DDD39011CFB}"
EndProject
Project("{FAE04EC0-301F-11D3-BF4B-00C04F79EFBC}") = "Assembly-CSharp", "Assembly-CSharp.Player.csproj", "{484E23E3-E739-4EC3-245F-0D885F2B63A2}"
EndProject
Project("{FAE04EC0-301F-11D3-BF4B-00C04F79EFBC}") = "Unity.Services.Core", "Unity.Services.Core.Player.csproj", "{2A3EA39F-1805-A76B-F00B-45EEB8868B4B}"
EndProject
Project("{FAE04EC0-301F-11D3-BF4B-00C04F79EFBC}") = "Unity.RenderPipeline.Universal.ShaderLibrary", "Unity.RenderPipeline.Universal.ShaderLibrary.Player.csproj", "{56F9233F-58C0-1140-6472-698E53EF490C}"
EndProject
Project("{FAE04EC0-301F-11D3-BF4B-00C04F79EFBC}") = "Unity.Services.Core.Environments", "Unity.Services.Core.Environments.Player.csproj", "{0440F9DC-B8C7-5EF8-BBA8-372B4826D39E}"
EndProject
Project("{FAE04EC0-301F-11D3-BF4B-00C04F79EFBC}") = "Unity.Services.Core.Internal", "Unity.Services.Core.Internal.Player.csproj", "{1E11A732-258A-08C8-76DA-177D0DE8985B}"
EndProject
Project("{FAE04EC0-301F-11D3-BF4B-00C04F79EFBC}") = "Unity.Services.Core.Analytics", "Unity.Services.Core.Analytics.Player.csproj", "{47D2B6E1-296D-23B4-33BF-C3422DBF84DF}"
EndProject
Project("{FAE04EC0-301F-11D3-BF4B-00C04F79EFBC}") = "Unity.2D.SpriteShape.Runtime", "Unity.2D.SpriteShape.Runtime.Player.csproj", "{8CE93571-F738-25D6-CF60-8C19EC72A631}"
EndProject
Project("{FAE04EC0-301F-11D3-BF4B-00C04F79EFBC}") = "Unity.Services.Core.Scheduler", "Unity.Services.Core.Scheduler.Player.csproj", "{F0FEFC04-406F-42F6-3AD7-A088727DBF4D}"
EndProject
Project("{FAE04EC0-301F-11D3-BF4B-00C04F79EFBC}") = "Unity.Services.Core.Registration", "Unity.Services.Core.Registration.Player.csproj", "{3725C447-C919-04BD-A473-BEE44A9037BB}"
EndProject
Project("{FAE04EC0-301F-11D3-BF4B-00C04F79EFBC}") = "Unity.2D.PixelPerfect", "Unity.2D.PixelPerfect.Player.csproj", "{E7C39021-F844-A299-51F3-AB1D151AD59B}"
EndProject
Project("{FAE04EC0-301F-11D3-BF4B-00C04F79EFBC}") = "Unity.InternalAPIEngineBridge.001", "Unity.InternalAPIEngineBridge.001.Player.csproj", "{82871B1C-E53B-81A5-0406-C9093B74CF70}"
EndProject
Project("{FAE04EC0-301F-11D3-BF4B-00C04F79EFBC}") = "Unity.2D.Common.Runtime", "Unity.2D.Common.Runtime.Player.csproj", "{3F10D777-500E-2EA8-807D-0FFD205D4680}"
EndProject
Project("{FAE04EC0-301F-11D3-BF4B-00C04F79EFBC}") = "Unity.2D.IK.Runtime", "Unity.2D.IK.Runtime.Player.csproj", "{92E73FF1-5AC2-F41D-4BAA-348E07E0AAF0}"
EndProject
Project("{FAE04EC0-301F-11D3-BF4B-00C04F79EFBC}") = "Unity.Services.Core.Device", "Unity.Services.Core.Device.Player.csproj", "{E8EF5B09-8C60-6077-4C53-C481A4C90C8B}"
EndProject
Project("{FAE04EC0-301F-11D3-BF4B-00C04F79EFBC}") = "Unity.Services.Core.Threading", "Unity.Services.Core.Threading.Player.csproj", "{7832F06B-4C22-096C-862A-6349346C1DDD}"
EndProject
Project("{FAE04EC0-301F-11D3-BF4B-00C04F79EFBC}") = "Unity.2D.Tilemap.Extras", "Unity.2D.Tilemap.Extras.Player.csproj", "{00AE462B-6BDF-09D5-7171-9B2EB184CD6B}"
EndProject
Project("{FAE04EC0-301F-11D3-BF4B-00C04F79EFBC}") = "Unity.Services.Core.Networking", "Unity.Services.Core.Networking.Player.csproj", "{0C13A932-99A8-84D3-2411-A518AE7B719F}"
EndProject
Project("{FAE04EC0-301F-11D3-BF4B-00C04F79EFBC}") = "Unity.RenderPipelines.Core.ShaderLibrary", "Unity.RenderPipelines.Core.ShaderLibrary.Player.csproj", "{E5D3959B-1862-5674-D9DC-887E083807CC}"
EndProject
Project("{FAE04EC0-301F-11D3-BF4B-00C04F79EFBC}") = "Unity.Services.Core.Configuration", "Unity.Services.Core.Configuration.Player.csproj", "{7C2C688D-9A00-2B79-D269-1DE6388766B6}"
EndProject
Project("{FAE04EC0-301F-11D3-BF4B-00C04F79EFBC}") = "Unity.RenderPipelines.Universal.Shaders", "Unity.RenderPipelines.Universal.Shaders.Player.csproj", "{AD90776D-4653-D2E1-80A8-82FD66F69B36}"
EndProject
Project("{FAE04EC0-301F-11D3-BF4B-00C04F79EFBC}") = "Unity.RenderPipelines.ShaderGraph.ShaderGraphLibrary", "Unity.RenderPipelines.ShaderGraph.ShaderGraphLibrary.Player.csproj", "{83312C12-16BF-B0AD-18EB-917B5B67FD79}"
EndProject
Global
	GlobalSection(SolutionConfigurationPlatforms) = preSolution
		Debug|Any CPU = Debug|Any CPU
		Release|Any CPU = Release|Any CPU
	EndGlobalSection
	GlobalSection(ProjectConfigurationPlatforms) = postSolution
		{9E44D4EC-5EBF-D4BA-C964-23431DD3DD2D}.Debug|Any CPU.ActiveCfg = Debug|Any CPU
		{9E44D4EC-5EBF-D4BA-C964-23431DD3DD2D}.Debug|Any CPU.Build.0 = Debug|Any CPU
		{9E44D4EC-5EBF-D4BA-C964-23431DD3DD2D}.Release|Any CPU.ActiveCfg = Release|Any CPU
		{9E44D4EC-5EBF-D4BA-C964-23431DD3DD2D}.Release|Any CPU.Build.0 = Release|Any CPU
		{402153F1-CD3F-624D-32DC-69FC382A786F}.Debug|Any CPU.ActiveCfg = Debug|Any CPU
		{402153F1-CD3F-624D-32DC-69FC382A786F}.Debug|Any CPU.Build.0 = Debug|Any CPU
		{402153F1-CD3F-624D-32DC-69FC382A786F}.Release|Any CPU.ActiveCfg = Release|Any CPU
		{402153F1-CD3F-624D-32DC-69FC382A786F}.Release|Any CPU.Build.0 = Release|Any CPU
		{AFD2DC0C-7F38-CE4D-0D6A-E8D3688043E2}.Debug|Any CPU.ActiveCfg = Debug|Any CPU
		{AFD2DC0C-7F38-CE4D-0D6A-E8D3688043E2}.Debug|Any CPU.Build.0 = Debug|Any CPU
		{AFD2DC0C-7F38-CE4D-0D6A-E8D3688043E2}.Release|Any CPU.ActiveCfg = Release|Any CPU
		{AFD2DC0C-7F38-CE4D-0D6A-E8D3688043E2}.Release|Any CPU.Build.0 = Release|Any CPU
		{032B954B-368E-DDF6-6EC8-3E45BE8793ED}.Debug|Any CPU.ActiveCfg = Debug|Any CPU
		{032B954B-368E-DDF6-6EC8-3E45BE8793ED}.Debug|Any CPU.Build.0 = Debug|Any CPU
		{032B954B-368E-DDF6-6EC8-3E45BE8793ED}.Release|Any CPU.ActiveCfg = Release|Any CPU
		{032B954B-368E-DDF6-6EC8-3E45BE8793ED}.Release|Any CPU.Build.0 = Release|Any CPU
		{B30AE5CB-44DE-EFEC-A134-4934B0653781}.Debug|Any CPU.ActiveCfg = Debug|Any CPU
		{B30AE5CB-44DE-EFEC-A134-4934B0653781}.Debug|Any CPU.Build.0 = Debug|Any CPU
		{B30AE5CB-44DE-EFEC-A134-4934B0653781}.Release|Any CPU.ActiveCfg = Release|Any CPU
		{B30AE5CB-44DE-EFEC-A134-4934B0653781}.Release|Any CPU.Build.0 = Release|Any CPU
		{EEC20257-B661-BBE0-9094-DD8B9B1F6B19}.Debug|Any CPU.ActiveCfg = Debug|Any CPU
		{EEC20257-B661-BBE0-9094-DD8B9B1F6B19}.Debug|Any CPU.Build.0 = Debug|Any CPU
		{EEC20257-B661-BBE0-9094-DD8B9B1F6B19}.Release|Any CPU.ActiveCfg = Release|Any CPU
		{EEC20257-B661-BBE0-9094-DD8B9B1F6B19}.Release|Any CPU.Build.0 = Release|Any CPU
		{CD649E13-F2FD-02D0-36C6-1D6A2DC8A61F}.Debug|Any CPU.ActiveCfg = Debug|Any CPU
		{CD649E13-F2FD-02D0-36C6-1D6A2DC8A61F}.Debug|Any CPU.Build.0 = Debug|Any CPU
		{CD649E13-F2FD-02D0-36C6-1D6A2DC8A61F}.Release|Any CPU.ActiveCfg = Release|Any CPU
		{CD649E13-F2FD-02D0-36C6-1D6A2DC8A61F}.Release|Any CPU.Build.0 = Release|Any CPU
		{A03CFA4B-72F4-1CAB-6C41-4828325F3D77}.Debug|Any CPU.ActiveCfg = Debug|Any CPU
		{A03CFA4B-72F4-1CAB-6C41-4828325F3D77}.Debug|Any CPU.Build.0 = Debug|Any CPU
		{A03CFA4B-72F4-1CAB-6C41-4828325F3D77}.Release|Any CPU.ActiveCfg = Release|Any CPU
		{A03CFA4B-72F4-1CAB-6C41-4828325F3D77}.Release|Any CPU.Build.0 = Release|Any CPU
		{54F0AF36-1360-2ABE-3D18-1E0CB24C082F}.Debug|Any CPU.ActiveCfg = Debug|Any CPU
		{54F0AF36-1360-2ABE-3D18-1E0CB24C082F}.Debug|Any CPU.Build.0 = Debug|Any CPU
		{54F0AF36-1360-2ABE-3D18-1E0CB24C082F}.Release|Any CPU.ActiveCfg = Release|Any CPU
		{54F0AF36-1360-2ABE-3D18-1E0CB24C082F}.Release|Any CPU.Build.0 = Release|Any CPU
		{F96A34F4-201E-3126-CEE6-30DC66A5FB09}.Debug|Any CPU.ActiveCfg = Debug|Any CPU
		{F96A34F4-201E-3126-CEE6-30DC66A5FB09}.Debug|Any CPU.Build.0 = Debug|Any CPU
		{F96A34F4-201E-3126-CEE6-30DC66A5FB09}.Release|Any CPU.ActiveCfg = Release|Any CPU
		{F96A34F4-201E-3126-CEE6-30DC66A5FB09}.Release|Any CPU.Build.0 = Release|Any CPU
		{CB1547A9-882B-4B3D-D7E0-3DD082C94C21}.Debug|Any CPU.ActiveCfg = Debug|Any CPU
		{CB1547A9-882B-4B3D-D7E0-3DD082C94C21}.Debug|Any CPU.Build.0 = Debug|Any CPU
		{CB1547A9-882B-4B3D-D7E0-3DD082C94C21}.Release|Any CPU.ActiveCfg = Release|Any CPU
		{CB1547A9-882B-4B3D-D7E0-3DD082C94C21}.Release|Any CPU.Build.0 = Release|Any CPU
		{47BF2C76-F9AD-1898-611A-4E59A30105CB}.Debug|Any CPU.ActiveCfg = Debug|Any CPU
		{47BF2C76-F9AD-1898-611A-4E59A30105CB}.Debug|Any CPU.Build.0 = Debug|Any CPU
		{47BF2C76-F9AD-1898-611A-4E59A30105CB}.Release|Any CPU.ActiveCfg = Release|Any CPU
		{47BF2C76-F9AD-1898-611A-4E59A30105CB}.Release|Any CPU.Build.0 = Release|Any CPU
		{B3CB9E11-0A42-89B4-9877-BB31CD98C1B1}.Debug|Any CPU.ActiveCfg = Debug|Any CPU
		{B3CB9E11-0A42-89B4-9877-BB31CD98C1B1}.Debug|Any CPU.Build.0 = Debug|Any CPU
		{B3CB9E11-0A42-89B4-9877-BB31CD98C1B1}.Release|Any CPU.ActiveCfg = Release|Any CPU
		{B3CB9E11-0A42-89B4-9877-BB31CD98C1B1}.Release|Any CPU.Build.0 = Release|Any CPU
		{F01A3647-6666-ACCE-E8B4-AD00E2A40CB7}.Debug|Any CPU.ActiveCfg = Debug|Any CPU
		{F01A3647-6666-ACCE-E8B4-AD00E2A40CB7}.Debug|Any CPU.Build.0 = Debug|Any CPU
		{F01A3647-6666-ACCE-E8B4-AD00E2A40CB7}.Release|Any CPU.ActiveCfg = Release|Any CPU
		{F01A3647-6666-ACCE-E8B4-AD00E2A40CB7}.Release|Any CPU.Build.0 = Release|Any CPU
		{04BB4BC3-8E23-A75F-B90A-9BB7296950EE}.Debug|Any CPU.ActiveCfg = Debug|Any CPU
		{04BB4BC3-8E23-A75F-B90A-9BB7296950EE}.Debug|Any CPU.Build.0 = Debug|Any CPU
		{04BB4BC3-8E23-A75F-B90A-9BB7296950EE}.Release|Any CPU.ActiveCfg = Release|Any CPU
		{04BB4BC3-8E23-A75F-B90A-9BB7296950EE}.Release|Any CPU.Build.0 = Release|Any CPU
		{0393E356-689E-CDC6-E808-837DB1E4DF97}.Debug|Any CPU.ActiveCfg = Debug|Any CPU
		{0393E356-689E-CDC6-E808-837DB1E4DF97}.Debug|Any CPU.Build.0 = Debug|Any CPU
		{0393E356-689E-CDC6-E808-837DB1E4DF97}.Release|Any CPU.ActiveCfg = Release|Any CPU
		{0393E356-689E-CDC6-E808-837DB1E4DF97}.Release|Any CPU.Build.0 = Release|Any CPU
		{703F4DD8-B3E5-69BB-5E4E-6EE2956256B5}.Debug|Any CPU.ActiveCfg = Debug|Any CPU
		{703F4DD8-B3E5-69BB-5E4E-6EE2956256B5}.Debug|Any CPU.Build.0 = Debug|Any CPU
		{703F4DD8-B3E5-69BB-5E4E-6EE2956256B5}.Release|Any CPU.ActiveCfg = Release|Any CPU
		{703F4DD8-B3E5-69BB-5E4E-6EE2956256B5}.Release|Any CPU.Build.0 = Release|Any CPU
		{48224FD3-3AB1-AE19-FDD5-1C2C2408C017}.Debug|Any CPU.ActiveCfg = Debug|Any CPU
		{48224FD3-3AB1-AE19-FDD5-1C2C2408C017}.Debug|Any CPU.Build.0 = Debug|Any CPU
		{48224FD3-3AB1-AE19-FDD5-1C2C2408C017}.Release|Any CPU.ActiveCfg = Release|Any CPU
		{48224FD3-3AB1-AE19-FDD5-1C2C2408C017}.Release|Any CPU.Build.0 = Release|Any CPU
		{AD65FC27-D44E-3C14-1022-F536C08B46BB}.Debug|Any CPU.ActiveCfg = Debug|Any CPU
		{AD65FC27-D44E-3C14-1022-F536C08B46BB}.Debug|Any CPU.Build.0 = Debug|Any CPU
		{AD65FC27-D44E-3C14-1022-F536C08B46BB}.Release|Any CPU.ActiveCfg = Release|Any CPU
		{AD65FC27-D44E-3C14-1022-F536C08B46BB}.Release|Any CPU.Build.0 = Release|Any CPU
		{4BDDC23F-DDD4-6B55-C258-CA7F810C3F20}.Debug|Any CPU.ActiveCfg = Debug|Any CPU
		{4BDDC23F-DDD4-6B55-C258-CA7F810C3F20}.Debug|Any CPU.Build.0 = Debug|Any CPU
		{4BDDC23F-DDD4-6B55-C258-CA7F810C3F20}.Release|Any CPU.ActiveCfg = Release|Any CPU
		{4BDDC23F-DDD4-6B55-C258-CA7F810C3F20}.Release|Any CPU.Build.0 = Release|Any CPU
		{5EF0CC5F-853A-5E6B-6614-D9A6CC3F5993}.Debug|Any CPU.ActiveCfg = Debug|Any CPU
		{5EF0CC5F-853A-5E6B-6614-D9A6CC3F5993}.Debug|Any CPU.Build.0 = Debug|Any CPU
		{5EF0CC5F-853A-5E6B-6614-D9A6CC3F5993}.Release|Any CPU.ActiveCfg = Release|Any CPU
		{5EF0CC5F-853A-5E6B-6614-D9A6CC3F5993}.Release|Any CPU.Build.0 = Release|Any CPU
		{523C3D87-D477-6F18-07B9-632FC2D4EF16}.Debug|Any CPU.ActiveCfg = Debug|Any CPU
		{523C3D87-D477-6F18-07B9-632FC2D4EF16}.Debug|Any CPU.Build.0 = Debug|Any CPU
		{523C3D87-D477-6F18-07B9-632FC2D4EF16}.Release|Any CPU.ActiveCfg = Release|Any CPU
		{523C3D87-D477-6F18-07B9-632FC2D4EF16}.Release|Any CPU.Build.0 = Release|Any CPU
		{05089243-945A-A465-28CC-5E1B8DF8CFB0}.Debug|Any CPU.ActiveCfg = Debug|Any CPU
		{05089243-945A-A465-28CC-5E1B8DF8CFB0}.Debug|Any CPU.Build.0 = Debug|Any CPU
		{05089243-945A-A465-28CC-5E1B8DF8CFB0}.Release|Any CPU.ActiveCfg = Release|Any CPU
		{05089243-945A-A465-28CC-5E1B8DF8CFB0}.Release|Any CPU.Build.0 = Release|Any CPU
		{310C1FCC-D634-EAA8-F150-521810E85585}.Debug|Any CPU.ActiveCfg = Debug|Any CPU
		{310C1FCC-D634-EAA8-F150-521810E85585}.Debug|Any CPU.Build.0 = Debug|Any CPU
		{310C1FCC-D634-EAA8-F150-521810E85585}.Release|Any CPU.ActiveCfg = Release|Any CPU
		{310C1FCC-D634-EAA8-F150-521810E85585}.Release|Any CPU.Build.0 = Release|Any CPU
		{D3F4DEEC-02FC-CDAD-9440-298D2BF1FB84}.Debug|Any CPU.ActiveCfg = Debug|Any CPU
		{D3F4DEEC-02FC-CDAD-9440-298D2BF1FB84}.Debug|Any CPU.Build.0 = Debug|Any CPU
		{D3F4DEEC-02FC-CDAD-9440-298D2BF1FB84}.Release|Any CPU.ActiveCfg = Release|Any CPU
		{D3F4DEEC-02FC-CDAD-9440-298D2BF1FB84}.Release|Any CPU.Build.0 = Release|Any CPU
		{CA28FD9F-2636-AEBF-B908-520DDC6E8165}.Debug|Any CPU.ActiveCfg = Debug|Any CPU
		{CA28FD9F-2636-AEBF-B908-520DDC6E8165}.Debug|Any CPU.Build.0 = Debug|Any CPU
		{CA28FD9F-2636-AEBF-B908-520DDC6E8165}.Release|Any CPU.ActiveCfg = Release|Any CPU
		{CA28FD9F-2636-AEBF-B908-520DDC6E8165}.Release|Any CPU.Build.0 = Release|Any CPU
		{58B3BD91-A29F-CC5C-C45E-C01137759EC8}.Debug|Any CPU.ActiveCfg = Debug|Any CPU
		{58B3BD91-A29F-CC5C-C45E-C01137759EC8}.Debug|Any CPU.Build.0 = Debug|Any CPU
		{58B3BD91-A29F-CC5C-C45E-C01137759EC8}.Release|Any CPU.ActiveCfg = Release|Any CPU
		{58B3BD91-A29F-CC5C-C45E-C01137759EC8}.Release|Any CPU.Build.0 = Release|Any CPU
		{97CC24B6-5CD7-BCAD-A7C5-58294B6835E1}.Debug|Any CPU.ActiveCfg = Debug|Any CPU
		{97CC24B6-5CD7-BCAD-A7C5-58294B6835E1}.Debug|Any CPU.Build.0 = Debug|Any CPU
		{97CC24B6-5CD7-BCAD-A7C5-58294B6835E1}.Release|Any CPU.ActiveCfg = Release|Any CPU
		{97CC24B6-5CD7-BCAD-A7C5-58294B6835E1}.Release|Any CPU.Build.0 = Release|Any CPU
		{EFE0F734-F1A8-1307-1F29-E6434F5750EB}.Debug|Any CPU.ActiveCfg = Debug|Any CPU
		{EFE0F734-F1A8-1307-1F29-E6434F5750EB}.Debug|Any CPU.Build.0 = Debug|Any CPU
		{EFE0F734-F1A8-1307-1F29-E6434F5750EB}.Release|Any CPU.ActiveCfg = Release|Any CPU
		{EFE0F734-F1A8-1307-1F29-E6434F5750EB}.Release|Any CPU.Build.0 = Release|Any CPU
		{0097498E-1996-1B0B-CBBD-F24ACDB19458}.Debug|Any CPU.ActiveCfg = Debug|Any CPU
		{0097498E-1996-1B0B-CBBD-F24ACDB19458}.Debug|Any CPU.Build.0 = Debug|Any CPU
		{0097498E-1996-1B0B-CBBD-F24ACDB19458}.Release|Any CPU.ActiveCfg = Release|Any CPU
		{0097498E-1996-1B0B-CBBD-F24ACDB19458}.Release|Any CPU.Build.0 = Release|Any CPU
		{A61007CB-FD40-A964-63CA-08CF2D69B100}.Debug|Any CPU.ActiveCfg = Debug|Any CPU
		{A61007CB-FD40-A964-63CA-08CF2D69B100}.Debug|Any CPU.Build.0 = Debug|Any CPU
		{A61007CB-FD40-A964-63CA-08CF2D69B100}.Release|Any CPU.ActiveCfg = Release|Any CPU
		{A61007CB-FD40-A964-63CA-08CF2D69B100}.Release|Any CPU.Build.0 = Release|Any CPU
		{687C8A0C-0ACA-06BC-C1C7-CBF058EE83C1}.Debug|Any CPU.ActiveCfg = Debug|Any CPU
		{687C8A0C-0ACA-06BC-C1C7-CBF058EE83C1}.Debug|Any CPU.Build.0 = Debug|Any CPU
		{687C8A0C-0ACA-06BC-C1C7-CBF058EE83C1}.Release|Any CPU.ActiveCfg = Release|Any CPU
		{687C8A0C-0ACA-06BC-C1C7-CBF058EE83C1}.Release|Any CPU.Build.0 = Release|Any CPU
		{CDA41000-657D-A67C-502B-2146D4A38EA4}.Debug|Any CPU.ActiveCfg = Debug|Any CPU
		{CDA41000-657D-A67C-502B-2146D4A38EA4}.Debug|Any CPU.Build.0 = Debug|Any CPU
		{CDA41000-657D-A67C-502B-2146D4A38EA4}.Release|Any CPU.ActiveCfg = Release|Any CPU
		{CDA41000-657D-A67C-502B-2146D4A38EA4}.Release|Any CPU.Build.0 = Release|Any CPU
		{4263833B-846B-E27C-3AAD-F64FA0AED14A}.Debug|Any CPU.ActiveCfg = Debug|Any CPU
		{4263833B-846B-E27C-3AAD-F64FA0AED14A}.Debug|Any CPU.Build.0 = Debug|Any CPU
		{4263833B-846B-E27C-3AAD-F64FA0AED14A}.Release|Any CPU.ActiveCfg = Release|Any CPU
		{4263833B-846B-E27C-3AAD-F64FA0AED14A}.Release|Any CPU.Build.0 = Release|Any CPU
		{03C130FA-9A79-564B-934B-B4E3E6E854C6}.Debug|Any CPU.ActiveCfg = Debug|Any CPU
		{03C130FA-9A79-564B-934B-B4E3E6E854C6}.Debug|Any CPU.Build.0 = Debug|Any CPU
		{03C130FA-9A79-564B-934B-B4E3E6E854C6}.Release|Any CPU.ActiveCfg = Release|Any CPU
		{03C130FA-9A79-564B-934B-B4E3E6E854C6}.Release|Any CPU.Build.0 = Release|Any CPU
		{924794BD-7BDE-437F-4954-26456F977DE7}.Debug|Any CPU.ActiveCfg = Debug|Any CPU
		{924794BD-7BDE-437F-4954-26456F977DE7}.Debug|Any CPU.Build.0 = Debug|Any CPU
		{924794BD-7BDE-437F-4954-26456F977DE7}.Release|Any CPU.ActiveCfg = Release|Any CPU
		{924794BD-7BDE-437F-4954-26456F977DE7}.Release|Any CPU.Build.0 = Release|Any CPU
		{D852A7CE-0BA7-9595-240F-0283C4965681}.Debug|Any CPU.ActiveCfg = Debug|Any CPU
		{D852A7CE-0BA7-9595-240F-0283C4965681}.Debug|Any CPU.Build.0 = Debug|Any CPU
		{D852A7CE-0BA7-9595-240F-0283C4965681}.Release|Any CPU.ActiveCfg = Release|Any CPU
		{D852A7CE-0BA7-9595-240F-0283C4965681}.Release|Any CPU.Build.0 = Release|Any CPU
		{24B2453D-4AD5-46CB-BAAE-B3AE902DFC17}.Debug|Any CPU.ActiveCfg = Debug|Any CPU
		{24B2453D-4AD5-46CB-BAAE-B3AE902DFC17}.Debug|Any CPU.Build.0 = Debug|Any CPU
		{24B2453D-4AD5-46CB-BAAE-B3AE902DFC17}.Release|Any CPU.ActiveCfg = Release|Any CPU
		{24B2453D-4AD5-46CB-BAAE-B3AE902DFC17}.Release|Any CPU.Build.0 = Release|Any CPU
		{433468BF-4307-12AF-59DC-9C6A29AB8B32}.Debug|Any CPU.ActiveCfg = Debug|Any CPU
		{433468BF-4307-12AF-59DC-9C6A29AB8B32}.Debug|Any CPU.Build.0 = Debug|Any CPU
		{433468BF-4307-12AF-59DC-9C6A29AB8B32}.Release|Any CPU.ActiveCfg = Release|Any CPU
		{433468BF-4307-12AF-59DC-9C6A29AB8B32}.Release|Any CPU.Build.0 = Release|Any CPU
		{38E139B1-EA0B-B4AF-33CF-2678A2EC6611}.Debug|Any CPU.ActiveCfg = Debug|Any CPU
		{38E139B1-EA0B-B4AF-33CF-2678A2EC6611}.Debug|Any CPU.Build.0 = Debug|Any CPU
		{38E139B1-EA0B-B4AF-33CF-2678A2EC6611}.Release|Any CPU.ActiveCfg = Release|Any CPU
		{38E139B1-EA0B-B4AF-33CF-2678A2EC6611}.Release|Any CPU.Build.0 = Release|Any CPU
		{69AB68AC-FBB9-F1A3-A658-7F58916FED9C}.Debug|Any CPU.ActiveCfg = Debug|Any CPU
		{69AB68AC-FBB9-F1A3-A658-7F58916FED9C}.Debug|Any CPU.Build.0 = Debug|Any CPU
		{69AB68AC-FBB9-F1A3-A658-7F58916FED9C}.Release|Any CPU.ActiveCfg = Release|Any CPU
		{69AB68AC-FBB9-F1A3-A658-7F58916FED9C}.Release|Any CPU.Build.0 = Release|Any CPU
		{F4DFE13E-FA7D-21E5-3420-6AEB34D77B1F}.Debug|Any CPU.ActiveCfg = Debug|Any CPU
		{F4DFE13E-FA7D-21E5-3420-6AEB34D77B1F}.Debug|Any CPU.Build.0 = Debug|Any CPU
		{F4DFE13E-FA7D-21E5-3420-6AEB34D77B1F}.Release|Any CPU.ActiveCfg = Release|Any CPU
		{F4DFE13E-FA7D-21E5-3420-6AEB34D77B1F}.Release|Any CPU.Build.0 = Release|Any CPU
		{FEFA9CC1-5CD7-FE73-6F52-643C539E0E79}.Debug|Any CPU.ActiveCfg = Debug|Any CPU
		{FEFA9CC1-5CD7-FE73-6F52-643C539E0E79}.Debug|Any CPU.Build.0 = Debug|Any CPU
		{FEFA9CC1-5CD7-FE73-6F52-643C539E0E79}.Release|Any CPU.ActiveCfg = Release|Any CPU
		{FEFA9CC1-5CD7-FE73-6F52-643C539E0E79}.Release|Any CPU.Build.0 = Release|Any CPU
		{4FF63B5A-8525-A063-3BE9-9A734E51DE6E}.Debug|Any CPU.ActiveCfg = Debug|Any CPU
		{4FF63B5A-8525-A063-3BE9-9A734E51DE6E}.Debug|Any CPU.Build.0 = Debug|Any CPU
		{4FF63B5A-8525-A063-3BE9-9A734E51DE6E}.Release|Any CPU.ActiveCfg = Release|Any CPU
		{4FF63B5A-8525-A063-3BE9-9A734E51DE6E}.Release|Any CPU.Build.0 = Release|Any CPU
		{8782D427-8092-7CC5-FCE3-DEEB30BEDADE}.Debug|Any CPU.ActiveCfg = Debug|Any CPU
		{8782D427-8092-7CC5-FCE3-DEEB30BEDADE}.Debug|Any CPU.Build.0 = Debug|Any CPU
		{8782D427-8092-7CC5-FCE3-DEEB30BEDADE}.Release|Any CPU.ActiveCfg = Release|Any CPU
		{8782D427-8092-7CC5-FCE3-DEEB30BEDADE}.Release|Any CPU.Build.0 = Release|Any CPU
		{211B75B9-E34D-CBBA-94F6-B8D12E1CB620}.Debug|Any CPU.ActiveCfg = Debug|Any CPU
		{211B75B9-E34D-CBBA-94F6-B8D12E1CB620}.Debug|Any CPU.Build.0 = Debug|Any CPU
		{211B75B9-E34D-CBBA-94F6-B8D12E1CB620}.Release|Any CPU.ActiveCfg = Release|Any CPU
		{211B75B9-E34D-CBBA-94F6-B8D12E1CB620}.Release|Any CPU.Build.0 = Release|Any CPU
		{57F69ECC-A937-0EE6-E543-5421E2D76E8B}.Debug|Any CPU.ActiveCfg = Debug|Any CPU
		{57F69ECC-A937-0EE6-E543-5421E2D76E8B}.Debug|Any CPU.Build.0 = Debug|Any CPU
		{57F69ECC-A937-0EE6-E543-5421E2D76E8B}.Release|Any CPU.ActiveCfg = Release|Any CPU
		{57F69ECC-A937-0EE6-E543-5421E2D76E8B}.Release|Any CPU.Build.0 = Release|Any CPU
		{53EBA534-4B47-23B0-A984-1E4C4A4201F9}.Debug|Any CPU.ActiveCfg = Debug|Any CPU
		{53EBA534-4B47-23B0-A984-1E4C4A4201F9}.Debug|Any CPU.Build.0 = Debug|Any CPU
		{53EBA534-4B47-23B0-A984-1E4C4A4201F9}.Release|Any CPU.ActiveCfg = Release|Any CPU
		{53EBA534-4B47-23B0-A984-1E4C4A4201F9}.Release|Any CPU.Build.0 = Release|Any CPU
		{F793762A-1192-6234-8F56-9F17BAF59FAF}.Debug|Any CPU.ActiveCfg = Debug|Any CPU
		{F793762A-1192-6234-8F56-9F17BAF59FAF}.Debug|Any CPU.Build.0 = Debug|Any CPU
		{F793762A-1192-6234-8F56-9F17BAF59FAF}.Release|Any CPU.ActiveCfg = Release|Any CPU
		{F793762A-1192-6234-8F56-9F17BAF59FAF}.Release|Any CPU.Build.0 = Release|Any CPU
		{E09222CA-772F-5339-585F-CB2607A6DBCF}.Debug|Any CPU.ActiveCfg = Debug|Any CPU
		{E09222CA-772F-5339-585F-CB2607A6DBCF}.Debug|Any CPU.Build.0 = Debug|Any CPU
		{E09222CA-772F-5339-585F-CB2607A6DBCF}.Release|Any CPU.ActiveCfg = Release|Any CPU
		{E09222CA-772F-5339-585F-CB2607A6DBCF}.Release|Any CPU.Build.0 = Release|Any CPU
		{C66FCF04-01ED-7809-81A0-F2CA101AB97D}.Debug|Any CPU.ActiveCfg = Debug|Any CPU
		{C66FCF04-01ED-7809-81A0-F2CA101AB97D}.Debug|Any CPU.Build.0 = Debug|Any CPU
		{C66FCF04-01ED-7809-81A0-F2CA101AB97D}.Release|Any CPU.ActiveCfg = Release|Any CPU
		{C66FCF04-01ED-7809-81A0-F2CA101AB97D}.Release|Any CPU.Build.0 = Release|Any CPU
		{B5577641-CAD8-DA32-03BF-167A87B28730}.Debug|Any CPU.ActiveCfg = Debug|Any CPU
		{B5577641-CAD8-DA32-03BF-167A87B28730}.Debug|Any CPU.Build.0 = Debug|Any CPU
		{B5577641-CAD8-DA32-03BF-167A87B28730}.Release|Any CPU.ActiveCfg = Release|Any CPU
		{B5577641-CAD8-DA32-03BF-167A87B28730}.Release|Any CPU.Build.0 = Release|Any CPU
		{29960F84-8CC9-49EA-3C2B-8C0EF5860FD2}.Debug|Any CPU.ActiveCfg = Debug|Any CPU
		{29960F84-8CC9-49EA-3C2B-8C0EF5860FD2}.Debug|Any CPU.Build.0 = Debug|Any CPU
		{29960F84-8CC9-49EA-3C2B-8C0EF5860FD2}.Release|Any CPU.ActiveCfg = Release|Any CPU
		{29960F84-8CC9-49EA-3C2B-8C0EF5860FD2}.Release|Any CPU.Build.0 = Release|Any CPU
		{129B9665-5B50-508C-3EDF-498CC13BE3A5}.Debug|Any CPU.ActiveCfg = Debug|Any CPU
		{129B9665-5B50-508C-3EDF-498CC13BE3A5}.Debug|Any CPU.Build.0 = Debug|Any CPU
		{129B9665-5B50-508C-3EDF-498CC13BE3A5}.Release|Any CPU.ActiveCfg = Release|Any CPU
		{129B9665-5B50-508C-3EDF-498CC13BE3A5}.Release|Any CPU.Build.0 = Release|Any CPU
		{9EF301DC-2E85-6916-0D22-0E2BA634C568}.Debug|Any CPU.ActiveCfg = Debug|Any CPU
		{9EF301DC-2E85-6916-0D22-0E2BA634C568}.Debug|Any CPU.Build.0 = Debug|Any CPU
		{9EF301DC-2E85-6916-0D22-0E2BA634C568}.Release|Any CPU.ActiveCfg = Release|Any CPU
		{9EF301DC-2E85-6916-0D22-0E2BA634C568}.Release|Any CPU.Build.0 = Release|Any CPU
		{5832C868-42A1-02D7-B297-779E0FDC446D}.Debug|Any CPU.ActiveCfg = Debug|Any CPU
		{5832C868-42A1-02D7-B297-779E0FDC446D}.Debug|Any CPU.Build.0 = Debug|Any CPU
		{5832C868-42A1-02D7-B297-779E0FDC446D}.Release|Any CPU.ActiveCfg = Release|Any CPU
		{5832C868-42A1-02D7-B297-779E0FDC446D}.Release|Any CPU.Build.0 = Release|Any CPU
		{B722BBB1-8220-C306-E664-03D22B277342}.Debug|Any CPU.ActiveCfg = Debug|Any CPU
		{B722BBB1-8220-C306-E664-03D22B277342}.Debug|Any CPU.Build.0 = Debug|Any CPU
		{B722BBB1-8220-C306-E664-03D22B277342}.Release|Any CPU.ActiveCfg = Release|Any CPU
		{B722BBB1-8220-C306-E664-03D22B277342}.Release|Any CPU.Build.0 = Release|Any CPU
		{C9BCB3A7-80AC-E478-FC3B-3A303C882BF6}.Debug|Any CPU.ActiveCfg = Debug|Any CPU
		{C9BCB3A7-80AC-E478-FC3B-3A303C882BF6}.Debug|Any CPU.Build.0 = Debug|Any CPU
		{C9BCB3A7-80AC-E478-FC3B-3A303C882BF6}.Release|Any CPU.ActiveCfg = Release|Any CPU
		{C9BCB3A7-80AC-E478-FC3B-3A303C882BF6}.Release|Any CPU.Build.0 = Release|Any CPU
		{87E04EC9-064F-0E57-E8BB-90C1C43920BD}.Debug|Any CPU.ActiveCfg = Debug|Any CPU
		{87E04EC9-064F-0E57-E8BB-90C1C43920BD}.Debug|Any CPU.Build.0 = Debug|Any CPU
		{87E04EC9-064F-0E57-E8BB-90C1C43920BD}.Release|Any CPU.ActiveCfg = Release|Any CPU
		{87E04EC9-064F-0E57-E8BB-90C1C43920BD}.Release|Any CPU.Build.0 = Release|Any CPU
		{BC98BC9D-0579-B379-9EAB-6F74A9347C3F}.Debug|Any CPU.ActiveCfg = Debug|Any CPU
		{BC98BC9D-0579-B379-9EAB-6F74A9347C3F}.Debug|Any CPU.Build.0 = Debug|Any CPU
		{BC98BC9D-0579-B379-9EAB-6F74A9347C3F}.Release|Any CPU.ActiveCfg = Release|Any CPU
		{BC98BC9D-0579-B379-9EAB-6F74A9347C3F}.Release|Any CPU.Build.0 = Release|Any CPU
		{35C8F8D9-7247-348E-1A3C-D8B94EB93C64}.Debug|Any CPU.ActiveCfg = Debug|Any CPU
		{35C8F8D9-7247-348E-1A3C-D8B94EB93C64}.Debug|Any CPU.Build.0 = Debug|Any CPU
		{35C8F8D9-7247-348E-1A3C-D8B94EB93C64}.Release|Any CPU.ActiveCfg = Release|Any CPU
		{35C8F8D9-7247-348E-1A3C-D8B94EB93C64}.Release|Any CPU.Build.0 = Release|Any CPU
		{12960A9D-1035-2835-9E03-5CBFABEDF667}.Debug|Any CPU.ActiveCfg = Debug|Any CPU
		{12960A9D-1035-2835-9E03-5CBFABEDF667}.Debug|Any CPU.Build.0 = Debug|Any CPU
		{12960A9D-1035-2835-9E03-5CBFABEDF667}.Release|Any CPU.ActiveCfg = Release|Any CPU
		{12960A9D-1035-2835-9E03-5CBFABEDF667}.Release|Any CPU.Build.0 = Release|Any CPU
		{1A24FBE7-1C57-9E93-83B0-D85518BE85B2}.Debug|Any CPU.ActiveCfg = Debug|Any CPU
		{1A24FBE7-1C57-9E93-83B0-D85518BE85B2}.Debug|Any CPU.Build.0 = Debug|Any CPU
		{1A24FBE7-1C57-9E93-83B0-D85518BE85B2}.Release|Any CPU.ActiveCfg = Release|Any CPU
		{1A24FBE7-1C57-9E93-83B0-D85518BE85B2}.Release|Any CPU.Build.0 = Release|Any CPU
		{7AF0EE7D-B437-CCE4-B78D-596D99A855CB}.Debug|Any CPU.ActiveCfg = Debug|Any CPU
		{7AF0EE7D-B437-CCE4-B78D-596D99A855CB}.Debug|Any CPU.Build.0 = Debug|Any CPU
		{7AF0EE7D-B437-CCE4-B78D-596D99A855CB}.Release|Any CPU.ActiveCfg = Release|Any CPU
		{7AF0EE7D-B437-CCE4-B78D-596D99A855CB}.Release|Any CPU.Build.0 = Release|Any CPU
		{FEE5BF9F-04B2-833D-C467-60EE14779FB8}.Debug|Any CPU.ActiveCfg = Debug|Any CPU
		{FEE5BF9F-04B2-833D-C467-60EE14779FB8}.Debug|Any CPU.Build.0 = Debug|Any CPU
		{FEE5BF9F-04B2-833D-C467-60EE14779FB8}.Release|Any CPU.ActiveCfg = Release|Any CPU
		{FEE5BF9F-04B2-833D-C467-60EE14779FB8}.Release|Any CPU.Build.0 = Release|Any CPU
		{61B918B7-E824-55B5-A2A6-944CC5F8B6FB}.Debug|Any CPU.ActiveCfg = Debug|Any CPU
		{61B918B7-E824-55B5-A2A6-944CC5F8B6FB}.Debug|Any CPU.Build.0 = Debug|Any CPU
		{61B918B7-E824-55B5-A2A6-944CC5F8B6FB}.Release|Any CPU.ActiveCfg = Release|Any CPU
		{61B918B7-E824-55B5-A2A6-944CC5F8B6FB}.Release|Any CPU.Build.0 = Release|Any CPU
		{7249CD8E-8269-027C-2221-D7B186B01736}.Debug|Any CPU.ActiveCfg = Debug|Any CPU
		{7249CD8E-8269-027C-2221-D7B186B01736}.Debug|Any CPU.Build.0 = Debug|Any CPU
		{7249CD8E-8269-027C-2221-D7B186B01736}.Release|Any CPU.ActiveCfg = Release|Any CPU
		{7249CD8E-8269-027C-2221-D7B186B01736}.Release|Any CPU.Build.0 = Release|Any CPU
		{C25B937C-2E84-01BA-F614-BF5565E182EA}.Debug|Any CPU.ActiveCfg = Debug|Any CPU
		{C25B937C-2E84-01BA-F614-BF5565E182EA}.Debug|Any CPU.Build.0 = Debug|Any CPU
		{C25B937C-2E84-01BA-F614-BF5565E182EA}.Release|Any CPU.ActiveCfg = Release|Any CPU
		{C25B937C-2E84-01BA-F614-BF5565E182EA}.Release|Any CPU.Build.0 = Release|Any CPU
		{0377A8F1-4FB4-82D0-E19A-76767D042A5A}.Debug|Any CPU.ActiveCfg = Debug|Any CPU
		{0377A8F1-4FB4-82D0-E19A-76767D042A5A}.Debug|Any CPU.Build.0 = Debug|Any CPU
		{0377A8F1-4FB4-82D0-E19A-76767D042A5A}.Release|Any CPU.ActiveCfg = Release|Any CPU
		{0377A8F1-4FB4-82D0-E19A-76767D042A5A}.Release|Any CPU.Build.0 = Release|Any CPU
		{DD3D134E-047C-BD68-F4C5-947591AAAD5C}.Debug|Any CPU.ActiveCfg = Debug|Any CPU
		{DD3D134E-047C-BD68-F4C5-947591AAAD5C}.Debug|Any CPU.Build.0 = Debug|Any CPU
		{DD3D134E-047C-BD68-F4C5-947591AAAD5C}.Release|Any CPU.ActiveCfg = Release|Any CPU
		{DD3D134E-047C-BD68-F4C5-947591AAAD5C}.Release|Any CPU.Build.0 = Release|Any CPU
		{FBE6904F-BD1D-7B43-F19B-60771D3FFC82}.Debug|Any CPU.ActiveCfg = Debug|Any CPU
		{FBE6904F-BD1D-7B43-F19B-60771D3FFC82}.Debug|Any CPU.Build.0 = Debug|Any CPU
		{FBE6904F-BD1D-7B43-F19B-60771D3FFC82}.Release|Any CPU.ActiveCfg = Release|Any CPU
		{FBE6904F-BD1D-7B43-F19B-60771D3FFC82}.Release|Any CPU.Build.0 = Release|Any CPU
		{4FE8785D-4C78-64CA-2DE1-B4CCC62E57A9}.Debug|Any CPU.ActiveCfg = Debug|Any CPU
		{4FE8785D-4C78-64CA-2DE1-B4CCC62E57A9}.Debug|Any CPU.Build.0 = Debug|Any CPU
		{4FE8785D-4C78-64CA-2DE1-B4CCC62E57A9}.Release|Any CPU.ActiveCfg = Release|Any CPU
		{4FE8785D-4C78-64CA-2DE1-B4CCC62E57A9}.Release|Any CPU.Build.0 = Release|Any CPU
		{F3BD8EC1-8654-0CAF-011B-FBD5BFB313E2}.Debug|Any CPU.ActiveCfg = Debug|Any CPU
		{F3BD8EC1-8654-0CAF-011B-FBD5BFB313E2}.Debug|Any CPU.Build.0 = Debug|Any CPU
		{F3BD8EC1-8654-0CAF-011B-FBD5BFB313E2}.Release|Any CPU.ActiveCfg = Release|Any CPU
		{F3BD8EC1-8654-0CAF-011B-FBD5BFB313E2}.Release|Any CPU.Build.0 = Release|Any CPU
		{9C02A5C9-6478-8046-0EF4-8270FC6C241E}.Debug|Any CPU.ActiveCfg = Debug|Any CPU
		{9C02A5C9-6478-8046-0EF4-8270FC6C241E}.Debug|Any CPU.Build.0 = Debug|Any CPU
		{9C02A5C9-6478-8046-0EF4-8270FC6C241E}.Release|Any CPU.ActiveCfg = Release|Any CPU
		{9C02A5C9-6478-8046-0EF4-8270FC6C241E}.Release|Any CPU.Build.0 = Release|Any CPU
		{77EA1F7D-9B44-9C7A-C216-BF1BDB657DB0}.Debug|Any CPU.ActiveCfg = Debug|Any CPU
		{77EA1F7D-9B44-9C7A-C216-BF1BDB657DB0}.Debug|Any CPU.Build.0 = Debug|Any CPU
		{77EA1F7D-9B44-9C7A-C216-BF1BDB657DB0}.Release|Any CPU.ActiveCfg = Release|Any CPU
		{77EA1F7D-9B44-9C7A-C216-BF1BDB657DB0}.Release|Any CPU.Build.0 = Release|Any CPU
		{EE1B1FDA-953B-F408-D1E7-2D562B1F68E8}.Debug|Any CPU.ActiveCfg = Debug|Any CPU
		{EE1B1FDA-953B-F408-D1E7-2D562B1F68E8}.Debug|Any CPU.Build.0 = Debug|Any CPU
		{EE1B1FDA-953B-F408-D1E7-2D562B1F68E8}.Release|Any CPU.ActiveCfg = Release|Any CPU
		{EE1B1FDA-953B-F408-D1E7-2D562B1F68E8}.Release|Any CPU.Build.0 = Release|Any CPU
		{E78942CC-17B4-F972-EC71-9993C921DC0C}.Debug|Any CPU.ActiveCfg = Debug|Any CPU
		{E78942CC-17B4-F972-EC71-9993C921DC0C}.Debug|Any CPU.Build.0 = Debug|Any CPU
		{E78942CC-17B4-F972-EC71-9993C921DC0C}.Release|Any CPU.ActiveCfg = Release|Any CPU
		{E78942CC-17B4-F972-EC71-9993C921DC0C}.Release|Any CPU.Build.0 = Release|Any CPU
		{95D9C18F-BC4A-E254-E6B8-080DCEDA9A02}.Debug|Any CPU.ActiveCfg = Debug|Any CPU
		{95D9C18F-BC4A-E254-E6B8-080DCEDA9A02}.Debug|Any CPU.Build.0 = Debug|Any CPU
		{95D9C18F-BC4A-E254-E6B8-080DCEDA9A02}.Release|Any CPU.ActiveCfg = Release|Any CPU
		{95D9C18F-BC4A-E254-E6B8-080DCEDA9A02}.Release|Any CPU.Build.0 = Release|Any CPU
		{5BA80C26-6B9C-D457-70E6-FAF30451ADC1}.Debug|Any CPU.ActiveCfg = Debug|Any CPU
		{5BA80C26-6B9C-D457-70E6-FAF30451ADC1}.Debug|Any CPU.Build.0 = Debug|Any CPU
		{5BA80C26-6B9C-D457-70E6-FAF30451ADC1}.Release|Any CPU.ActiveCfg = Release|Any CPU
		{5BA80C26-6B9C-D457-70E6-FAF30451ADC1}.Release|Any CPU.Build.0 = Release|Any CPU
		{7CF94596-6BD0-B71E-798C-6596D40D98E7}.Debug|Any CPU.ActiveCfg = Debug|Any CPU
		{7CF94596-6BD0-B71E-798C-6596D40D98E7}.Debug|Any CPU.Build.0 = Debug|Any CPU
		{7CF94596-6BD0-B71E-798C-6596D40D98E7}.Release|Any CPU.ActiveCfg = Release|Any CPU
		{7CF94596-6BD0-B71E-798C-6596D40D98E7}.Release|Any CPU.Build.0 = Release|Any CPU
		{385B0342-006B-AA15-69D7-AE79BDB6DAAB}.Debug|Any CPU.ActiveCfg = Debug|Any CPU
		{385B0342-006B-AA15-69D7-AE79BDB6DAAB}.Debug|Any CPU.Build.0 = Debug|Any CPU
		{385B0342-006B-AA15-69D7-AE79BDB6DAAB}.Release|Any CPU.ActiveCfg = Release|Any CPU
		{385B0342-006B-AA15-69D7-AE79BDB6DAAB}.Release|Any CPU.Build.0 = Release|Any CPU
		{41A950E5-3FEF-CB2F-EA56-C1C69A9582C6}.Debug|Any CPU.ActiveCfg = Debug|Any CPU
		{41A950E5-3FEF-CB2F-EA56-C1C69A9582C6}.Debug|Any CPU.Build.0 = Debug|Any CPU
		{41A950E5-3FEF-CB2F-EA56-C1C69A9582C6}.Release|Any CPU.ActiveCfg = Release|Any CPU
		{41A950E5-3FEF-CB2F-EA56-C1C69A9582C6}.Release|Any CPU.Build.0 = Release|Any CPU
		{BE7DD50B-4AC1-9C6B-3C32-E907E429EA97}.Debug|Any CPU.ActiveCfg = Debug|Any CPU
		{BE7DD50B-4AC1-9C6B-3C32-E907E429EA97}.Debug|Any CPU.Build.0 = Debug|Any CPU
		{BE7DD50B-4AC1-9C6B-3C32-E907E429EA97}.Release|Any CPU.ActiveCfg = Release|Any CPU
		{BE7DD50B-4AC1-9C6B-3C32-E907E429EA97}.Release|Any CPU.Build.0 = Release|Any CPU
		{3640C5B9-2AF0-808F-2C94-178A7847347B}.Debug|Any CPU.ActiveCfg = Debug|Any CPU
		{3640C5B9-2AF0-808F-2C94-178A7847347B}.Debug|Any CPU.Build.0 = Debug|Any CPU
		{3640C5B9-2AF0-808F-2C94-178A7847347B}.Release|Any CPU.ActiveCfg = Release|Any CPU
		{3640C5B9-2AF0-808F-2C94-178A7847347B}.Release|Any CPU.Build.0 = Release|Any CPU
		{E5692147-6A73-3C51-06CC-052B594ED2CF}.Debug|Any CPU.ActiveCfg = Debug|Any CPU
		{E5692147-6A73-3C51-06CC-052B594ED2CF}.Debug|Any CPU.Build.0 = Debug|Any CPU
		{E5692147-6A73-3C51-06CC-052B594ED2CF}.Release|Any CPU.ActiveCfg = Release|Any CPU
		{E5692147-6A73-3C51-06CC-052B594ED2CF}.Release|Any CPU.Build.0 = Release|Any CPU
		{71391FEF-B5B4-C2AA-EA04-0DDD39011CFB}.Debug|Any CPU.ActiveCfg = Debug|Any CPU
		{71391FEF-B5B4-C2AA-EA04-0DDD39011CFB}.Debug|Any CPU.Build.0 = Debug|Any CPU
		{71391FEF-B5B4-C2AA-EA04-0DDD39011CFB}.Release|Any CPU.ActiveCfg = Release|Any CPU
		{71391FEF-B5B4-C2AA-EA04-0DDD39011CFB}.Release|Any CPU.Build.0 = Release|Any CPU
		{484E23E3-E739-4EC3-245F-0D885F2B63A2}.Debug|Any CPU.ActiveCfg = Debug|Any CPU
		{484E23E3-E739-4EC3-245F-0D885F2B63A2}.Debug|Any CPU.Build.0 = Debug|Any CPU
		{484E23E3-E739-4EC3-245F-0D885F2B63A2}.Release|Any CPU.ActiveCfg = Release|Any CPU
		{484E23E3-E739-4EC3-245F-0D885F2B63A2}.Release|Any CPU.Build.0 = Release|Any CPU
		{2A3EA39F-1805-A76B-F00B-45EEB8868B4B}.Debug|Any CPU.ActiveCfg = Debug|Any CPU
		{2A3EA39F-1805-A76B-F00B-45EEB8868B4B}.Debug|Any CPU.Build.0 = Debug|Any CPU
		{2A3EA39F-1805-A76B-F00B-45EEB8868B4B}.Release|Any CPU.ActiveCfg = Release|Any CPU
		{2A3EA39F-1805-A76B-F00B-45EEB8868B4B}.Release|Any CPU.Build.0 = Release|Any CPU
		{56F9233F-58C0-1140-6472-698E53EF490C}.Debug|Any CPU.ActiveCfg = Debug|Any CPU
		{56F9233F-58C0-1140-6472-698E53EF490C}.Debug|Any CPU.Build.0 = Debug|Any CPU
		{56F9233F-58C0-1140-6472-698E53EF490C}.Release|Any CPU.ActiveCfg = Release|Any CPU
		{56F9233F-58C0-1140-6472-698E53EF490C}.Release|Any CPU.Build.0 = Release|Any CPU
		{0440F9DC-B8C7-5EF8-BBA8-372B4826D39E}.Debug|Any CPU.ActiveCfg = Debug|Any CPU
		{0440F9DC-B8C7-5EF8-BBA8-372B4826D39E}.Debug|Any CPU.Build.0 = Debug|Any CPU
		{0440F9DC-B8C7-5EF8-BBA8-372B4826D39E}.Release|Any CPU.ActiveCfg = Release|Any CPU
		{0440F9DC-B8C7-5EF8-BBA8-372B4826D39E}.Release|Any CPU.Build.0 = Release|Any CPU
		{1E11A732-258A-08C8-76DA-177D0DE8985B}.Debug|Any CPU.ActiveCfg = Debug|Any CPU
		{1E11A732-258A-08C8-76DA-177D0DE8985B}.Debug|Any CPU.Build.0 = Debug|Any CPU
		{1E11A732-258A-08C8-76DA-177D0DE8985B}.Release|Any CPU.ActiveCfg = Release|Any CPU
		{1E11A732-258A-08C8-76DA-177D0DE8985B}.Release|Any CPU.Build.0 = Release|Any CPU
		{47D2B6E1-296D-23B4-33BF-C3422DBF84DF}.Debug|Any CPU.ActiveCfg = Debug|Any CPU
		{47D2B6E1-296D-23B4-33BF-C3422DBF84DF}.Debug|Any CPU.Build.0 = Debug|Any CPU
		{47D2B6E1-296D-23B4-33BF-C3422DBF84DF}.Release|Any CPU.ActiveCfg = Release|Any CPU
		{47D2B6E1-296D-23B4-33BF-C3422DBF84DF}.Release|Any CPU.Build.0 = Release|Any CPU
		{8CE93571-F738-25D6-CF60-8C19EC72A631}.Debug|Any CPU.ActiveCfg = Debug|Any CPU
		{8CE93571-F738-25D6-CF60-8C19EC72A631}.Debug|Any CPU.Build.0 = Debug|Any CPU
		{8CE93571-F738-25D6-CF60-8C19EC72A631}.Release|Any CPU.ActiveCfg = Release|Any CPU
		{8CE93571-F738-25D6-CF60-8C19EC72A631}.Release|Any CPU.Build.0 = Release|Any CPU
		{F0FEFC04-406F-42F6-3AD7-A088727DBF4D}.Debug|Any CPU.ActiveCfg = Debug|Any CPU
		{F0FEFC04-406F-42F6-3AD7-A088727DBF4D}.Debug|Any CPU.Build.0 = Debug|Any CPU
		{F0FEFC04-406F-42F6-3AD7-A088727DBF4D}.Release|Any CPU.ActiveCfg = Release|Any CPU
		{F0FEFC04-406F-42F6-3AD7-A088727DBF4D}.Release|Any CPU.Build.0 = Release|Any CPU
		{3725C447-C919-04BD-A473-BEE44A9037BB}.Debug|Any CPU.ActiveCfg = Debug|Any CPU
		{3725C447-C919-04BD-A473-BEE44A9037BB}.Debug|Any CPU.Build.0 = Debug|Any CPU
		{3725C447-C919-04BD-A473-BEE44A9037BB}.Release|Any CPU.ActiveCfg = Release|Any CPU
		{3725C447-C919-04BD-A473-BEE44A9037BB}.Release|Any CPU.Build.0 = Release|Any CPU
		{E7C39021-F844-A299-51F3-AB1D151AD59B}.Debug|Any CPU.ActiveCfg = Debug|Any CPU
		{E7C39021-F844-A299-51F3-AB1D151AD59B}.Debug|Any CPU.Build.0 = Debug|Any CPU
		{E7C39021-F844-A299-51F3-AB1D151AD59B}.Release|Any CPU.ActiveCfg = Release|Any CPU
		{E7C39021-F844-A299-51F3-AB1D151AD59B}.Release|Any CPU.Build.0 = Release|Any CPU
		{82871B1C-E53B-81A5-0406-C9093B74CF70}.Debug|Any CPU.ActiveCfg = Debug|Any CPU
		{82871B1C-E53B-81A5-0406-C9093B74CF70}.Debug|Any CPU.Build.0 = Debug|Any CPU
		{82871B1C-E53B-81A5-0406-C9093B74CF70}.Release|Any CPU.ActiveCfg = Release|Any CPU
		{82871B1C-E53B-81A5-0406-C9093B74CF70}.Release|Any CPU.Build.0 = Release|Any CPU
		{3F10D777-500E-2EA8-807D-0FFD205D4680}.Debug|Any CPU.ActiveCfg = Debug|Any CPU
		{3F10D777-500E-2EA8-807D-0FFD205D4680}.Debug|Any CPU.Build.0 = Debug|Any CPU
		{3F10D777-500E-2EA8-807D-0FFD205D4680}.Release|Any CPU.ActiveCfg = Release|Any CPU
		{3F10D777-500E-2EA8-807D-0FFD205D4680}.Release|Any CPU.Build.0 = Release|Any CPU
		{92E73FF1-5AC2-F41D-4BAA-348E07E0AAF0}.Debug|Any CPU.ActiveCfg = Debug|Any CPU
		{92E73FF1-5AC2-F41D-4BAA-348E07E0AAF0}.Debug|Any CPU.Build.0 = Debug|Any CPU
		{92E73FF1-5AC2-F41D-4BAA-348E07E0AAF0}.Release|Any CPU.ActiveCfg = Release|Any CPU
		{92E73FF1-5AC2-F41D-4BAA-348E07E0AAF0}.Release|Any CPU.Build.0 = Release|Any CPU
		{E8EF5B09-8C60-6077-4C53-C481A4C90C8B}.Debug|Any CPU.ActiveCfg = Debug|Any CPU
		{E8EF5B09-8C60-6077-4C53-C481A4C90C8B}.Debug|Any CPU.Build.0 = Debug|Any CPU
		{E8EF5B09-8C60-6077-4C53-C481A4C90C8B}.Release|Any CPU.ActiveCfg = Release|Any CPU
		{E8EF5B09-8C60-6077-4C53-C481A4C90C8B}.Release|Any CPU.Build.0 = Release|Any CPU
		{7832F06B-4C22-096C-862A-6349346C1DDD}.Debug|Any CPU.ActiveCfg = Debug|Any CPU
		{7832F06B-4C22-096C-862A-6349346C1DDD}.Debug|Any CPU.Build.0 = Debug|Any CPU
		{7832F06B-4C22-096C-862A-6349346C1DDD}.Release|Any CPU.ActiveCfg = Release|Any CPU
		{7832F06B-4C22-096C-862A-6349346C1DDD}.Release|Any CPU.Build.0 = Release|Any CPU
		{00AE462B-6BDF-09D5-7171-9B2EB184CD6B}.Debug|Any CPU.ActiveCfg = Debug|Any CPU
		{00AE462B-6BDF-09D5-7171-9B2EB184CD6B}.Debug|Any CPU.Build.0 = Debug|Any CPU
		{00AE462B-6BDF-09D5-7171-9B2EB184CD6B}.Release|Any CPU.ActiveCfg = Release|Any CPU
		{00AE462B-6BDF-09D5-7171-9B2EB184CD6B}.Release|Any CPU.Build.0 = Release|Any CPU
		{0C13A932-99A8-84D3-2411-A518AE7B719F}.Debug|Any CPU.ActiveCfg = Debug|Any CPU
		{0C13A932-99A8-84D3-2411-A518AE7B719F}.Debug|Any CPU.Build.0 = Debug|Any CPU
		{0C13A932-99A8-84D3-2411-A518AE7B719F}.Release|Any CPU.ActiveCfg = Release|Any CPU
		{0C13A932-99A8-84D3-2411-A518AE7B719F}.Release|Any CPU.Build.0 = Release|Any CPU
		{E5D3959B-1862-5674-D9DC-887E083807CC}.Debug|Any CPU.ActiveCfg = Debug|Any CPU
		{E5D3959B-1862-5674-D9DC-887E083807CC}.Debug|Any CPU.Build.0 = Debug|Any CPU
		{E5D3959B-1862-5674-D9DC-887E083807CC}.Release|Any CPU.ActiveCfg = Release|Any CPU
		{E5D3959B-1862-5674-D9DC-887E083807CC}.Release|Any CPU.Build.0 = Release|Any CPU
		{7C2C688D-9A00-2B79-D269-1DE6388766B6}.Debug|Any CPU.ActiveCfg = Debug|Any CPU
		{7C2C688D-9A00-2B79-D269-1DE6388766B6}.Debug|Any CPU.Build.0 = Debug|Any CPU
		{7C2C688D-9A00-2B79-D269-1DE6388766B6}.Release|Any CPU.ActiveCfg = Release|Any CPU
		{7C2C688D-9A00-2B79-D269-1DE6388766B6}.Release|Any CPU.Build.0 = Release|Any CPU
		{AD90776D-4653-D2E1-80A8-82FD66F69B36}.Debug|Any CPU.ActiveCfg = Debug|Any CPU
		{AD90776D-4653-D2E1-80A8-82FD66F69B36}.Debug|Any CPU.Build.0 = Debug|Any CPU
		{AD90776D-4653-D2E1-80A8-82FD66F69B36}.Release|Any CPU.ActiveCfg = Release|Any CPU
		{AD90776D-4653-D2E1-80A8-82FD66F69B36}.Release|Any CPU.Build.0 = Release|Any CPU
		{83312C12-16BF-B0AD-18EB-917B5B67FD79}.Debug|Any CPU.ActiveCfg = Debug|Any CPU
		{83312C12-16BF-B0AD-18EB-917B5B67FD79}.Debug|Any CPU.Build.0 = Debug|Any CPU
		{83312C12-16BF-B0AD-18EB-917B5B67FD79}.Release|Any CPU.ActiveCfg = Release|Any CPU
		{83312C12-16BF-B0AD-18EB-917B5B67FD79}.Release|Any CPU.Build.0 = Release|Any CPU
	EndGlobalSection
	GlobalSection(SolutionProperties) = preSolution
		HideSolutionNode = FALSE
	EndGlobalSection
EndGlobal
